
Microsoft Visual Studio Solution File, Format Version 12.00
# Visual Studio Version 17
VisualStudioVersion = 17.8.34511.84
MinimumVisualStudioVersion = 10.0.40219.1
Project("{FAE04EC0-301F-11D3-BF4B-00C04F79EFBC}") = "DiscordBotDemo", "DiscordBotDemo\DiscordBotDemo.csproj", "{EE0AEDDE-A885-49A6-B65B-F9851E63F92A}"
EndProject
Global
	GlobalSection(SolutionConfigurationPlatforms) = preSolution
		Debug|Any CPU = Debug|Any CPU
		Release|Any CPU = Release|Any CPU
	EndGlobalSection
	GlobalSection(ProjectConfigurationPlatforms) = postSolution
		{EE0AEDDE-A885-49A6-B65B-F9851E63F92A}.Debug|Any CPU.ActiveCfg = Debug|Any CPU
		{EE0AEDDE-A885-49A6-B65B-F9851E63F92A}.Debug|Any CPU.Build.0 = Debug|Any CPU
		{EE0AEDDE-A885-49A6-B65B-F9851E63F92A}.Release|Any CPU.ActiveCfg = Release|Any CPU
		{EE0AEDDE-A885-49A6-B65B-F9851E63F92A}.Release|Any CPU.Build.0 = Release|Any CPU
	EndGlobalSection
	GlobalSection(SolutionProperties) = preSolution
		HideSolutionNode = FALSE
	EndGlobalSection
	GlobalSection(ExtensibilityGlobals) = postSolution
		SolutionGuid = {B8A15628-07B5-4C9B-A111-451F3153635E}
	EndGlobalSection
EndGlobal
